{
  "name": "highcharts",
  "version": "1.0.0",
  "lockfileVersion": 1,
  "requires": true,
  "dependencies": {
    "highcharts": {
      "version": "10.3.2",
      "resolved": "https://registry.npmjs.org/highcharts/-/highcharts-10.3.2.tgz",
      "integrity": "sha512-uDSuAOTKXOA90WUE38KKJawzMPjeIX/4UH3fMxZdoypbGVjsbuHO6jJSdeGf1LaDpu5wRg/xjO4QXzJqXfIrkA=="
    },
    "highcharts-gantt": {
      "version": "0.1.7",
      "resolved": "https://registry.npmjs.org/highcharts-gantt/-/highcharts-gantt-0.1.7.tgz",
      "integrity": "sha512-xzmMhrN82ZVUvmLinxf9TlADCD4fiEBbMuA+swok4x2Hn/ffGy2IWqpysYQhlW6xM5rLLIOB9/XeOFY+FM2vGQ=="
    },
    "highcharts-sunburst": {
      "version": "0.1.7",
      "resolved": "https://registry.npmjs.org/highcharts-sunburst/-/highcharts-sunburst-0.1.7.tgz",
      "integrity": "sha512-IchoHIQpJuCUDSbaYcewh2sLpYsrBr5s1LZto8gQ+JqDtw5ZZbA0RHhLnJbfP36OitjiEWrgNlnUJrC7GD4FAw=="
    }
  }
}
